
Microsoft Visual Studio Solution File, Format Version 12.00
# Visual Studio Version 16
VisualStudioVersion = 16.0.31702.278
MinimumVisualStudioVersion = 10.0.40219.1
Project("{2150E333-8FDC-42A3-9474-1A3956D46DE8}") = "Task0", "Task0", "{F31A6B5D-0B0E-4D54-8E58-06CD6E20BA14}"
EndProject
Project("{FAE04EC0-301F-11D3-BF4B-00C04F79EFBC}") = "Tyuiu.AramaAG.Sprint2.Task0.V18", "Tyuiu.AramaAG.Sprint2.Task0.V18\Tyuiu.AramaAG.Sprint2.Task0.V18.csproj", "{538DDF56-EC3A-4B1F-A171-0ACCF3B6141C}"
EndProject
Project("{FAE04EC0-301F-11D3-BF4B-00C04F79EFBC}") = "Tyuiu.AramaAG.Sprint2.Task0.V18.Lib", "Tyuiu.AramaAG.Sprint2.Task0.V18.Lib\Tyuiu.AramaAG.Sprint2.Task0.V18.Lib.csproj", "{9AC34CD0-95E8-4F80-850D-6CF1F764FC02}"
EndProject
Project("{FAE04EC0-301F-11D3-BF4B-00C04F79EFBC}") = "Tyuiu.AramaAG.Sprint2.Task0.V18.Test", "Tyuiu.AramaAG.Sprint2.Task0.V18.Test\Tyuiu.AramaAG.Sprint2.Task0.V18.Test.csproj", "{BA3265AF-2F14-4284-B878-C0E37BD5DFF2}"
EndProject
Project("{2150E333-8FDC-42A3-9474-1A3956D46DE8}") = "Task1", "Task1", "{5F9B0BAE-DD3E-4982-9593-42BD0CAE675C}"
EndProject
Project("{FAE04EC0-301F-11D3-BF4B-00C04F79EFBC}") = "Tyuiu.AramaAG.Sprint2.Task1.V14", "Tyuiu.AramaAG.Sprint2.Task1.V14\Tyuiu.AramaAG.Sprint2.Task1.V14.csproj", "{B3323D9C-1E62-4CB7-A082-ADED14568987}"
EndProject
Project("{FAE04EC0-301F-11D3-BF4B-00C04F79EFBC}") = "Tyuiu.AramaAG.Sprint2.Task1.V14.Lib", "Tyuiu.AramaAG.Sprint2.Task1.V14.Lib\Tyuiu.AramaAG.Sprint2.Task1.V14.Lib.csproj", "{6921F222-3EEF-4261-86B6-959CABC3200B}"
EndProject
Project("{FAE04EC0-301F-11D3-BF4B-00C04F79EFBC}") = "Tyuiu.AramaAG.Sprint2.Task1.V14.Test", "Tyuiu.AramaAG.Sprint2.Task1.V14.Test\Tyuiu.AramaAG.Sprint2.Task1.V14.Test.csproj", "{799A9150-7416-4547-8562-B8172E52A483}"
EndProject
Project("{2150E333-8FDC-42A3-9474-1A3956D46DE8}") = "Task2", "Task2", "{B75D291B-AD8A-4BF2-AF49-A22BBAFCB55E}"
EndProject
Project("{FAE04EC0-301F-11D3-BF4B-00C04F79EFBC}") = "Tyuiu.AramaAG.Sprint2.Task2.V15", "Tyuiu.AramaAG.Sprint2.Task2.V15\Tyuiu.AramaAG.Sprint2.Task2.V15.csproj", "{87E15160-0AA3-480E-B55B-E02E42459C0E}"
EndProject
Project("{FAE04EC0-301F-11D3-BF4B-00C04F79EFBC}") = "Tyuiu.AramaAG.Sprint2.Task2.V15.Lib", "Tyuiu.AramaAG.Sprint2.Task2.V15.Lib\Tyuiu.AramaAG.Sprint2.Task2.V15.Lib.csproj", "{C95C8D3B-140D-4A09-A160-051EBB87C407}"
EndProject
Project("{FAE04EC0-301F-11D3-BF4B-00C04F79EFBC}") = "Tyuiu.AramaAG.Sprint2.Task2.V15.Test", "Tyuiu.AramaAG.Sprint2.Task2.V15.Test\Tyuiu.AramaAG.Sprint2.Task2.V15.Test.csproj", "{6D01647D-830C-440A-AA26-F09273A02D9B}"
EndProject
Project("{2150E333-8FDC-42A3-9474-1A3956D46DE8}") = "Task3", "Task3", "{43B980B6-64E6-4C50-B09B-EC535966805E}"
EndProject
Project("{FAE04EC0-301F-11D3-BF4B-00C04F79EFBC}") = "Tyuiu.AramaAG.Sprint2.Task3.V2", "Tyuiu.AramaAG.Sprint2.Task3.V2\Tyuiu.AramaAG.Sprint2.Task3.V2.csproj", "{52AD41AD-6EDE-45F8-BE7F-97E34D41CF67}"
EndProject
Project("{FAE04EC0-301F-11D3-BF4B-00C04F79EFBC}") = "Tyuiu.AramaAG.Sprint2.Task3.V2.Lib", "Tyuiu.AramaAG.Sprint2.Task3.V2.Lib\Tyuiu.AramaAG.Sprint2.Task3.V2.Lib.csproj", "{9065A0E6-FA45-4480-A931-7350AD088AD2}"
EndProject
Project("{FAE04EC0-301F-11D3-BF4B-00C04F79EFBC}") = "Tyuiu.AramaAG.Sprint2.Task3.V2.Test", "Tyuiu.AramaAG.Sprint2.Task3.V2.Test\Tyuiu.AramaAG.Sprint2.Task3.V2.Test.csproj", "{E3FF0E0E-E6F5-4F5C-A049-3E1D06F101F0}"
EndProject
Global
	GlobalSection(SolutionConfigurationPlatforms) = preSolution
		Debug|Any CPU = Debug|Any CPU
		Release|Any CPU = Release|Any CPU
	EndGlobalSection
	GlobalSection(ProjectConfigurationPlatforms) = postSolution
		{538DDF56-EC3A-4B1F-A171-0ACCF3B6141C}.Debug|Any CPU.ActiveCfg = Debug|Any CPU
		{538DDF56-EC3A-4B1F-A171-0ACCF3B6141C}.Debug|Any CPU.Build.0 = Debug|Any CPU
		{538DDF56-EC3A-4B1F-A171-0ACCF3B6141C}.Release|Any CPU.ActiveCfg = Release|Any CPU
		{538DDF56-EC3A-4B1F-A171-0ACCF3B6141C}.Release|Any CPU.Build.0 = Release|Any CPU
		{9AC34CD0-95E8-4F80-850D-6CF1F764FC02}.Debug|Any CPU.ActiveCfg = Debug|Any CPU
		{9AC34CD0-95E8-4F80-850D-6CF1F764FC02}.Debug|Any CPU.Build.0 = Debug|Any CPU
		{9AC34CD0-95E8-4F80-850D-6CF1F764FC02}.Release|Any CPU.ActiveCfg = Release|Any CPU
		{9AC34CD0-95E8-4F80-850D-6CF1F764FC02}.Release|Any CPU.Build.0 = Release|Any CPU
		{BA3265AF-2F14-4284-B878-C0E37BD5DFF2}.Debug|Any CPU.ActiveCfg = Debug|Any CPU
		{BA3265AF-2F14-4284-B878-C0E37BD5DFF2}.Debug|Any CPU.Build.0 = Debug|Any CPU
		{BA3265AF-2F14-4284-B878-C0E37BD5DFF2}.Release|Any CPU.ActiveCfg = Release|Any CPU
		{BA3265AF-2F14-4284-B878-C0E37BD5DFF2}.Release|Any CPU.Build.0 = Release|Any CPU
		{B3323D9C-1E62-4CB7-A082-ADED14568987}.Debug|Any CPU.ActiveCfg = Debug|Any CPU
		{B3323D9C-1E62-4CB7-A082-ADED14568987}.Debug|Any CPU.Build.0 = Debug|Any CPU
		{B3323D9C-1E62-4CB7-A082-ADED14568987}.Release|Any CPU.ActiveCfg = Release|Any CPU
		{B3323D9C-1E62-4CB7-A082-ADED14568987}.Release|Any CPU.Build.0 = Release|Any CPU
		{6921F222-3EEF-4261-86B6-959CABC3200B}.Debug|Any CPU.ActiveCfg = Debug|Any CPU
		{6921F222-3EEF-4261-86B6-959CABC3200B}.Debug|Any CPU.Build.0 = Debug|Any CPU
		{6921F222-3EEF-4261-86B6-959CABC3200B}.Release|Any CPU.ActiveCfg = Release|Any CPU
		{6921F222-3EEF-4261-86B6-959CABC3200B}.Release|Any CPU.Build.0 = Release|Any CPU
		{799A9150-7416-4547-8562-B8172E52A483}.Debug|Any CPU.ActiveCfg = Debug|Any CPU
		{799A9150-7416-4547-8562-B8172E52A483}.Debug|Any CPU.Build.0 = Debug|Any CPU
		{799A9150-7416-4547-8562-B8172E52A483}.Release|Any CPU.ActiveCfg = Release|Any CPU
		{799A9150-7416-4547-8562-B8172E52A483}.Release|Any CPU.Build.0 = Release|Any CPU
		{87E15160-0AA3-480E-B55B-E02E42459C0E}.Debug|Any CPU.ActiveCfg = Debug|Any CPU
		{87E15160-0AA3-480E-B55B-E02E42459C0E}.Debug|Any CPU.Build.0 = Debug|Any CPU
		{87E15160-0AA3-480E-B55B-E02E42459C0E}.Release|Any CPU.ActiveCfg = Release|Any CPU
		{87E15160-0AA3-480E-B55B-E02E42459C0E}.Release|Any CPU.Build.0 = Release|Any CPU
		{C95C8D3B-140D-4A09-A160-051EBB87C407}.Debug|Any CPU.ActiveCfg = Debug|Any CPU
		{C95C8D3B-140D-4A09-A160-051EBB87C407}.Debug|Any CPU.Build.0 = Debug|Any CPU
		{C95C8D3B-140D-4A09-A160-051EBB87C407}.Release|Any CPU.ActiveCfg = Release|Any CPU
		{C95C8D3B-140D-4A09-A160-051EBB87C407}.Release|Any CPU.Build.0 = Release|Any CPU
		{6D01647D-830C-440A-AA26-F09273A02D9B}.Debug|Any CPU.ActiveCfg = Debug|Any CPU
		{6D01647D-830C-440A-AA26-F09273A02D9B}.Debug|Any CPU.Build.0 = Debug|Any CPU
		{6D01647D-830C-440A-AA26-F09273A02D9B}.Release|Any CPU.ActiveCfg = Release|Any CPU
		{6D01647D-830C-440A-AA26-F09273A02D9B}.Release|Any CPU.Build.0 = Release|Any CPU
		{52AD41AD-6EDE-45F8-BE7F-97E34D41CF67}.Debug|Any CPU.ActiveCfg = Debug|Any CPU
		{52AD41AD-6EDE-45F8-BE7F-97E34D41CF67}.Debug|Any CPU.Build.0 = Debug|Any CPU
		{52AD41AD-6EDE-45F8-BE7F-97E34D41CF67}.Release|Any CPU.ActiveCfg = Release|Any CPU
		{52AD41AD-6EDE-45F8-BE7F-97E34D41CF67}.Release|Any CPU.Build.0 = Release|Any CPU
		{9065A0E6-FA45-4480-A931-7350AD088AD2}.Debug|Any CPU.ActiveCfg = Debug|Any CPU
		{9065A0E6-FA45-4480-A931-7350AD088AD2}.Debug|Any CPU.Build.0 = Debug|Any CPU
		{9065A0E6-FA45-4480-A931-7350AD088AD2}.Release|Any CPU.ActiveCfg = Release|Any CPU
		{9065A0E6-FA45-4480-A931-7350AD088AD2}.Release|Any CPU.Build.0 = Release|Any CPU
		{E3FF0E0E-E6F5-4F5C-A049-3E1D06F101F0}.Debug|Any CPU.ActiveCfg = Debug|Any CPU
		{E3FF0E0E-E6F5-4F5C-A049-3E1D06F101F0}.Debug|Any CPU.Build.0 = Debug|Any CPU
		{E3FF0E0E-E6F5-4F5C-A049-3E1D06F101F0}.Release|Any CPU.ActiveCfg = Release|Any CPU
		{E3FF0E0E-E6F5-4F5C-A049-3E1D06F101F0}.Release|Any CPU.Build.0 = Release|Any CPU
	EndGlobalSection
	GlobalSection(SolutionProperties) = preSolution
		HideSolutionNode = FALSE
	EndGlobalSection
	GlobalSection(NestedProjects) = preSolution
		{538DDF56-EC3A-4B1F-A171-0ACCF3B6141C} = {F31A6B5D-0B0E-4D54-8E58-06CD6E20BA14}
		{9AC34CD0-95E8-4F80-850D-6CF1F764FC02} = {F31A6B5D-0B0E-4D54-8E58-06CD6E20BA14}
		{BA3265AF-2F14-4284-B878-C0E37BD5DFF2} = {F31A6B5D-0B0E-4D54-8E58-06CD6E20BA14}
		{B3323D9C-1E62-4CB7-A082-ADED14568987} = {5F9B0BAE-DD3E-4982-9593-42BD0CAE675C}
		{6921F222-3EEF-4261-86B6-959CABC3200B} = {5F9B0BAE-DD3E-4982-9593-42BD0CAE675C}
		{799A9150-7416-4547-8562-B8172E52A483} = {5F9B0BAE-DD3E-4982-9593-42BD0CAE675C}
		{87E15160-0AA3-480E-B55B-E02E42459C0E} = {B75D291B-AD8A-4BF2-AF49-A22BBAFCB55E}
		{C95C8D3B-140D-4A09-A160-051EBB87C407} = {B75D291B-AD8A-4BF2-AF49-A22BBAFCB55E}
		{6D01647D-830C-440A-AA26-F09273A02D9B} = {B75D291B-AD8A-4BF2-AF49-A22BBAFCB55E}
		{52AD41AD-6EDE-45F8-BE7F-97E34D41CF67} = {43B980B6-64E6-4C50-B09B-EC535966805E}
		{9065A0E6-FA45-4480-A931-7350AD088AD2} = {43B980B6-64E6-4C50-B09B-EC535966805E}
		{E3FF0E0E-E6F5-4F5C-A049-3E1D06F101F0} = {43B980B6-64E6-4C50-B09B-EC535966805E}
	EndGlobalSection
	GlobalSection(ExtensibilityGlobals) = postSolution
		SolutionGuid = {E91A260D-7933-4C77-836F-9F8D7D4EE3B8}
	EndGlobalSection
EndGlobal
